
Microsoft Visual Studio Solution File, Format Version 12.00
# Visual Studio 15
VisualStudioVersion = 15.0.27130.2010
MinimumVisualStudioVersion = 10.0.40219.1
Project("{D2ABAB84-BF74-430A-B69E-9DC6D40DDA17}") = "Tup", "Tup\Tup.dwproj", "{19C92678-5D72-4000-8B84-0BB14415C45C}"
EndProject
Global
	GlobalSection(SolutionConfigurationPlatforms) = preSolution
		Development|Default = Development|Default
	EndGlobalSection
	GlobalSection(ProjectConfigurationPlatforms) = postSolution
		{19C92678-5D72-4000-8B84-0BB14415C45C}.Development|Default.ActiveCfg = Development
		{19C92678-5D72-4000-8B84-0BB14415C45C}.Development|Default.Build.0 = Development
		{19C92678-5D72-4000-8B84-0BB14415C45C}.Development|Default.Deploy.0 = Development
	EndGlobalSection
	GlobalSection(SolutionProperties) = preSolution
		HideSolutionNode = FALSE
	EndGlobalSection
	GlobalSection(ExtensibilityGlobals) = postSolution
		SolutionGuid = {34FAD601-8D37-4909-9BEF-C8CE1B7BF98D}
	EndGlobalSection
EndGlobal
